{
  "requires": true,
  "lockfileVersion": 1,
  "dependencies": {
    "iqbalnurjadin-palindrome": {
      "version": "0.1.0",
      "resolved": "https://registry.npmjs.org/iqbalnurjadin-palindrome/-/iqbalnurjadin-palindrome-0.1.0.tgz",
      "integrity": "sha512-XB05s5qZ2la67s9wiTxumHz/B6Ou0sNo1Hh+UJsbYoNzk5hS+2iQLtmH5uihDqYjkDcRbpKV9ASudaLjYaJevg=="
    }
  }
}
